
Microsoft Visual Studio Solution File, Format Version 12.00
# Visual Studio 15
VisualStudioVersion = 15.0.28307.572
MinimumVisualStudioVersion = 10.0.40219.1
Project("{8BC9CEB8-8B4A-11D0-8D11-00A0C91BC942}") = "Homework 7", "Homework 7.vcxproj", "{AB740495-5DFB-450D-998F-9D6EE7499F7E}"
EndProject
Global
	GlobalSection(SolutionConfigurationPlatforms) = preSolution
		Debug|x64 = Debug|x64
		Debug|x86 = Debug|x86
		Release|x64 = Release|x64
		Release|x86 = Release|x86
	EndGlobalSection
	GlobalSection(ProjectConfigurationPlatforms) = postSolution
		{AB740495-5DFB-450D-998F-9D6EE7499F7E}.Debug|x64.ActiveCfg = Debug|x64
		{AB740495-5DFB-450D-998F-9D6EE7499F7E}.Debug|x64.Build.0 = Debug|x64
		{AB740495-5DFB-450D-998F-9D6EE7499F7E}.Debug|x86.ActiveCfg = Debug|Win32
		{AB740495-5DFB-450D-998F-9D6EE7499F7E}.Debug|x86.Build.0 = Debug|Win32
		{AB740495-5DFB-450D-998F-9D6EE7499F7E}.Release|x64.ActiveCfg = Release|x64
		{AB740495-5DFB-450D-998F-9D6EE7499F7E}.Release|x64.Build.0 = Release|x64
		{AB740495-5DFB-450D-998F-9D6EE7499F7E}.Release|x86.ActiveCfg = Release|Win32
		{AB740495-5DFB-450D-998F-9D6EE7499F7E}.Release|x86.Build.0 = Release|Win32
	EndGlobalSection
	GlobalSection(SolutionProperties) = preSolution
		HideSolutionNode = FALSE
	EndGlobalSection
	GlobalSection(ExtensibilityGlobals) = postSolution
		SolutionGuid = {E7F3EFC2-26C8-44F5-94D5-2E14B52B02BC}
	EndGlobalSection
EndGlobal
